// !$*UTF8*$!
{
	archiveVersion = 1;
	classes = {
	};
	objectVersion = 55;
	objects = {

/* Begin PBXBuildFile section */
		4DB03904FFBF9FEFC55579E0 /* Pods_InstagramTests.framework in Frameworks */ = {isa = PBXBuildFile; fileRef = 516E5B74FE475607B5091CDD /* Pods_InstagramTests.framework */; };
		78EBD1D8F8DFCC01ED7F866E /* Pods_Instagram.framework in Frameworks */ = {isa = PBXBuildFile; fileRef = 01A2F76A8E420CF6B4C57A01 /* Pods_Instagram.framework */; };
		9E78952C286A54C40071C7F9 /* AppDelegate.m in Sources */ = {isa = PBXBuildFile; fileRef = 9E78952B286A54C40071C7F9 /* AppDelegate.m */; };
		9E78952F286A54C40071C7F9 /* SceneDelegate.m in Sources */ = {isa = PBXBuildFile; fileRef = 9E78952E286A54C40071C7F9 /* SceneDelegate.m */; };
		9E789535286A54C40071C7F9 /* Main.storyboard in Resources */ = {isa = PBXBuildFile; fileRef = 9E789533286A54C40071C7F9 /* Main.storyboard */; };
		9E789537286A54C40071C7F9 /* Assets.xcassets in Resources */ = {isa = PBXBuildFile; fileRef = 9E789536286A54C40071C7F9 /* Assets.xcassets */; };
		9E78953A286A54C40071C7F9 /* LaunchScreen.storyboard in Resources */ = {isa = PBXBuildFile; fileRef = 9E789538286A54C40071C7F9 /* LaunchScreen.storyboard */; };
		9E78953D286A54C40071C7F9 /* main.m in Sources */ = {isa = PBXBuildFile; fileRef = 9E78953C286A54C40071C7F9 /* main.m */; };
		9E789547286A54C40071C7F9 /* InstagramTests.m in Sources */ = {isa = PBXBuildFile; fileRef = 9E789546286A54C40071C7F9 /* InstagramTests.m */; };
		9E789551286A54C40071C7F9 /* InstagramUITests.m in Sources */ = {isa = PBXBuildFile; fileRef = 9E789550286A54C40071C7F9 /* InstagramUITests.m */; };
		9E789553286A54C40071C7F9 /* InstagramUITestsLaunchTests.m in Sources */ = {isa = PBXBuildFile; fileRef = 9E789552286A54C40071C7F9 /* InstagramUITestsLaunchTests.m */; };
		9ED8E999286B68A300050DC0 /* LoginViewController.m in Sources */ = {isa = PBXBuildFile; fileRef = 9ED8E998286B68A300050DC0 /* LoginViewController.m */; };
		9EF5EAE5286B711A008BA3CC /* HomeFeedViewController.m in Sources */ = {isa = PBXBuildFile; fileRef = 9EF5EAE4286B711A008BA3CC /* HomeFeedViewController.m */; };
		9EF5EAE8286B71AB008BA3CC /* ComposeViewController.m in Sources */ = {isa = PBXBuildFile; fileRef = 9EF5EAE7286B71AB008BA3CC /* ComposeViewController.m */; };
		9EF5EAF1286BC7CB008BA3CC /* Post.m in Sources */ = {isa = PBXBuildFile; fileRef = 9EF5EAF0286BC7CB008BA3CC /* Post.m */; };
		9EF5EAF8286D13FA008BA3CC /* PostCell.m in Sources */ = {isa = PBXBuildFile; fileRef = 9EF5EAF7286D13FA008BA3CC /* PostCell.m */; };
		9EF5EAFE286D48F2008BA3CC /* ProfileViewController.m in Sources */ = {isa = PBXBuildFile; fileRef = 9EF5EAFD286D48F2008BA3CC /* ProfileViewController.m */; };
		9EF5EB01286D4924008BA3CC /* DetailsViewController.m in Sources */ = {isa = PBXBuildFile; fileRef = 9EF5EB00286D4924008BA3CC /* DetailsViewController.m */; };
		BD93567962CC66C664ECABB4 /* Pods_Instagram_InstagramUITests.framework in Frameworks */ = {isa = PBXBuildFile; fileRef = 71172C52307D620C54E7353F /* Pods_Instagram_InstagramUITests.framework */; };
/* End PBXBuildFile section */

/* Begin PBXContainerItemProxy section */
		9E789543286A54C40071C7F9 /* PBXContainerItemProxy */ = {
			isa = PBXContainerItemProxy;
			containerPortal = 9E78951F286A54C40071C7F9 /* Project object */;
			proxyType = 1;
			remoteGlobalIDString = 9E789526286A54C40071C7F9;
			remoteInfo = Instagram;
		};
		9E78954D286A54C40071C7F9 /* PBXContainerItemProxy */ = {
			isa = PBXContainerItemProxy;
			containerPortal = 9E78951F286A54C40071C7F9 /* Project object */;
			proxyType = 1;
			remoteGlobalIDString = 9E789526286A54C40071C7F9;
			remoteInfo = Instagram;
		};
/* End PBXContainerItemProxy section */

/* Begin PBXFileReference section */
		01A2F76A8E420CF6B4C57A01 /* Pods_Instagram.framework */ = {isa = PBXFileReference; explicitFileType = wrapper.framework; includeInIndex = 0; path = Pods_Instagram.framework; sourceTree = BUILT_PRODUCTS_DIR; };
		3B593F78B4EBCD2A30950FE9 /* Pods-Instagram-InstagramUITests.release.xcconfig */ = {isa = PBXFileReference; includeInIndex = 1; lastKnownFileType = text.xcconfig; name = "Pods-Instagram-InstagramUITests.release.xcconfig"; path = "Target Support Files/Pods-Instagram-InstagramUITests/Pods-Instagram-InstagramUITests.release.xcconfig"; sourceTree = "<group>"; };
		516E5B74FE475607B5091CDD /* Pods_InstagramTests.framework */ = {isa = PBXFileReference; explicitFileType = wrapper.framework; includeInIndex = 0; path = Pods_InstagramTests.framework; sourceTree = BUILT_PRODUCTS_DIR; };
		56AB3E512CB3173C17200486 /* Pods-Instagram.debug.xcconfig */ = {isa = PBXFileReference; includeInIndex = 1; lastKnownFileType = text.xcconfig; name = "Pods-Instagram.debug.xcconfig"; path = "Target Support Files/Pods-Instagram/Pods-Instagram.debug.xcconfig"; sourceTree = "<group>"; };
		71172C52307D620C54E7353F /* Pods_Instagram_InstagramUITests.framework */ = {isa = PBXFileReference; explicitFileType = wrapper.framework; includeInIndex = 0; path = Pods_Instagram_InstagramUITests.framework; sourceTree = BUILT_PRODUCTS_DIR; };
		742857C235262128C9DB9986 /* Pods-Instagram.release.xcconfig */ = {isa = PBXFileReference; includeInIndex = 1; lastKnownFileType = text.xcconfig; name = "Pods-Instagram.release.xcconfig"; path = "Target Support Files/Pods-Instagram/Pods-Instagram.release.xcconfig"; sourceTree = "<group>"; };
		9D8B9222B6C3A0EE268295F9 /* Pods-Instagram-InstagramUITests.debug.xcconfig */ = {isa = PBXFileReference; includeInIndex = 1; lastKnownFileType = text.xcconfig; name = "Pods-Instagram-InstagramUITests.debug.xcconfig"; path = "Target Support Files/Pods-Instagram-InstagramUITests/Pods-Instagram-InstagramUITests.debug.xcconfig"; sourceTree = "<group>"; };
		9E789527286A54C40071C7F9 /* Instagram.app */ = {isa = PBXFileReference; explicitFileType = wrapper.application; includeInIndex = 0; path = Instagram.app; sourceTree = BUILT_PRODUCTS_DIR; };
		9E78952A286A54C40071C7F9 /* AppDelegate.h */ = {isa = PBXFileReference; lastKnownFileType = sourcecode.c.h; path = AppDelegate.h; sourceTree = "<group>"; };
		9E78952B286A54C40071C7F9 /* AppDelegate.m */ = {isa = PBXFileReference; lastKnownFileType = sourcecode.c.objc; path = AppDelegate.m; sourceTree = "<group>"; };
		9E78952D286A54C40071C7F9 /* SceneDelegate.h */ = {isa = PBXFileReference; lastKnownFileType = sourcecode.c.h; path = SceneDelegate.h; sourceTree = "<group>"; };
		9E78952E286A54C40071C7F9 /* SceneDelegate.m */ = {isa = PBXFileReference; lastKnownFileType = sourcecode.c.objc; path = SceneDelegate.m; sourceTree = "<group>"; };
		9E789534286A54C40071C7F9 /* Base */ = {isa = PBXFileReference; lastKnownFileType = file.storyboard; name = Base; path = Base.lproj/Main.storyboard; sourceTree = "<group>"; };
		9E789536286A54C40071C7F9 /* Assets.xcassets */ = {isa = PBXFileReference; lastKnownFileType = folder.assetcatalog; path = Assets.xcassets; sourceTree = "<group>"; };
		9E789539286A54C40071C7F9 /* Base */ = {isa = PBXFileReference; lastKnownFileType = file.storyboard; name = Base; path = Base.lproj/LaunchScreen.storyboard; sourceTree = "<group>"; };
		9E78953B286A54C40071C7F9 /* Info.plist */ = {isa = PBXFileReference; lastKnownFileType = text.plist.xml; path = Info.plist; sourceTree = "<group>"; };
		9E78953C286A54C40071C7F9 /* main.m */ = {isa = PBXFileReference; lastKnownFileType = sourcecode.c.objc; path = main.m; sourceTree = "<group>"; };
		9E789542286A54C40071C7F9 /* InstagramTests.xctest */ = {isa = PBXFileReference; explicitFileType = wrapper.cfbundle; includeInIndex = 0; path = InstagramTests.xctest; sourceTree = BUILT_PRODUCTS_DIR; };
		9E789546286A54C40071C7F9 /* InstagramTests.m */ = {isa = PBXFileReference; lastKnownFileType = sourcecode.c.objc; path = InstagramTests.m; sourceTree = "<group>"; };
		9E78954C286A54C40071C7F9 /* InstagramUITests.xctest */ = {isa = PBXFileReference; explicitFileType = wrapper.cfbundle; includeInIndex = 0; path = InstagramUITests.xctest; sourceTree = BUILT_PRODUCTS_DIR; };
		9E789550286A54C40071C7F9 /* InstagramUITests.m */ = {isa = PBXFileReference; lastKnownFileType = sourcecode.c.objc; path = InstagramUITests.m; sourceTree = "<group>"; };
		9E789552286A54C40071C7F9 /* InstagramUITestsLaunchTests.m */ = {isa = PBXFileReference; lastKnownFileType = sourcecode.c.objc; path = InstagramUITestsLaunchTests.m; sourceTree = "<group>"; };
		9ED8E997286B68A300050DC0 /* LoginViewController.h */ = {isa = PBXFileReference; lastKnownFileType = sourcecode.c.h; path = LoginViewController.h; sourceTree = "<group>"; };
		9ED8E998286B68A300050DC0 /* LoginViewController.m */ = {isa = PBXFileReference; lastKnownFileType = sourcecode.c.objc; path = LoginViewController.m; sourceTree = "<group>"; };
		9EF5EAE3286B711A008BA3CC /* HomeFeedViewController.h */ = {isa = PBXFileReference; lastKnownFileType = sourcecode.c.h; path = HomeFeedViewController.h; sourceTree = "<group>"; };
		9EF5EAE4286B711A008BA3CC /* HomeFeedViewController.m */ = {isa = PBXFileReference; lastKnownFileType = sourcecode.c.objc; path = HomeFeedViewController.m; sourceTree = "<group>"; };
		9EF5EAE6286B71AB008BA3CC /* ComposeViewController.h */ = {isa = PBXFileReference; lastKnownFileType = sourcecode.c.h; path = ComposeViewController.h; sourceTree = "<group>"; };
		9EF5EAE7286B71AB008BA3CC /* ComposeViewController.m */ = {isa = PBXFileReference; lastKnownFileType = sourcecode.c.objc; path = ComposeViewController.m; sourceTree = "<group>"; };
		9EF5EAEF286BC7CB008BA3CC /* Post.h */ = {isa = PBXFileReference; lastKnownFileType = sourcecode.c.h; path = Post.h; sourceTree = "<group>"; };
		9EF5EAF0286BC7CB008BA3CC /* Post.m */ = {isa = PBXFileReference; lastKnownFileType = sourcecode.c.objc; path = Post.m; sourceTree = "<group>"; };
		9EF5EAF6286D13FA008BA3CC /* PostCell.h */ = {isa = PBXFileReference; lastKnownFileType = sourcecode.c.h; path = PostCell.h; sourceTree = "<group>"; };
		9EF5EAF7286D13FA008BA3CC /* PostCell.m */ = {isa = PBXFileReference; lastKnownFileType = sourcecode.c.objc; path = PostCell.m; sourceTree = "<group>"; };
		9EF5EAFC286D48F2008BA3CC /* ProfileViewController.h */ = {isa = PBXFileReference; lastKnownFileType = sourcecode.c.h; path = ProfileViewController.h; sourceTree = "<group>"; };
		9EF5EAFD286D48F2008BA3CC /* ProfileViewController.m */ = {isa = PBXFileReference; lastKnownFileType = sourcecode.c.objc; path = ProfileViewController.m; sourceTree = "<group>"; };
		9EF5EAFF286D4924008BA3CC /* DetailsViewController.h */ = {isa = PBXFileReference; lastKnownFileType = sourcecode.c.h; path = DetailsViewController.h; sourceTree = "<group>"; };
		9EF5EB00286D4924008BA3CC /* DetailsViewController.m */ = {isa = PBXFileReference; lastKnownFileType = sourcecode.c.objc; path = DetailsViewController.m; sourceTree = "<group>"; };
		A46E95A3D55AA8A97EB3F6D0 /* Pods-InstagramTests.release.xcconfig */ = {isa = PBXFileReference; includeInIndex = 1; lastKnownFileType = text.xcconfig; name = "Pods-InstagramTests.release.xcconfig"; path = "Target Support Files/Pods-InstagramTests/Pods-InstagramTests.release.xcconfig"; sourceTree = "<group>"; };
		B3522CC63945E9A12712A727 /* Pods-InstagramTests.debug.xcconfig */ = {isa = PBXFileReference; includeInIndex = 1; lastKnownFileType = text.xcconfig; name = "Pods-InstagramTests.debug.xcconfig"; path = "Target Support Files/Pods-InstagramTests/Pods-InstagramTests.debug.xcconfig"; sourceTree = "<group>"; };
/* End PBXFileReference section */

/* Begin PBXFrameworksBuildPhase section */
		9E789524286A54C40071C7F9 /* Frameworks */ = {
			isa = PBXFrameworksBuildPhase;
			buildActionMask = 2147483647;
			files = (
				78EBD1D8F8DFCC01ED7F866E /* Pods_Instagram.framework in Frameworks */,
			);
			runOnlyForDeploymentPostprocessing = 0;
		};
		9E78953F286A54C40071C7F9 /* Frameworks */ = {
			isa = PBXFrameworksBuildPhase;
			buildActionMask = 2147483647;
			files = (
				4DB03904FFBF9FEFC55579E0 /* Pods_InstagramTests.framework in Frameworks */,
			);
			runOnlyForDeploymentPostprocessing = 0;
		};
		9E789549286A54C40071C7F9 /* Frameworks */ = {
			isa = PBXFrameworksBuildPhase;
			buildActionMask = 2147483647;
			files = (
				BD93567962CC66C664ECABB4 /* Pods_Instagram_InstagramUITests.framework in Frameworks */,
			);
			runOnlyForDeploymentPostprocessing = 0;
		};
/* End PBXFrameworksBuildPhase section */

/* Begin PBXGroup section */
		114FF2DFFD8BA6E9C6DE8852 /* Pods */ = {
			isa = PBXGroup;
			children = (
				56AB3E512CB3173C17200486 /* Pods-Instagram.debug.xcconfig */,
				742857C235262128C9DB9986 /* Pods-Instagram.release.xcconfig */,
				9D8B9222B6C3A0EE268295F9 /* Pods-Instagram-InstagramUITests.debug.xcconfig */,
				3B593F78B4EBCD2A30950FE9 /* Pods-Instagram-InstagramUITests.release.xcconfig */,
				B3522CC63945E9A12712A727 /* Pods-InstagramTests.debug.xcconfig */,
				A46E95A3D55AA8A97EB3F6D0 /* Pods-InstagramTests.release.xcconfig */,
			);
			path = Pods;
			sourceTree = "<group>";
		};
		7FC8A5F267A6B281831231C5 /* Frameworks */ = {
			isa = PBXGroup;
			children = (
				01A2F76A8E420CF6B4C57A01 /* Pods_Instagram.framework */,
				71172C52307D620C54E7353F /* Pods_Instagram_InstagramUITests.framework */,
				516E5B74FE475607B5091CDD /* Pods_InstagramTests.framework */,
			);
			name = Frameworks;
			sourceTree = "<group>";
		};
		9E78951E286A54C40071C7F9 = {
			isa = PBXGroup;
			children = (
				9E789529286A54C40071C7F9 /* Instagram */,
				9E789545286A54C40071C7F9 /* InstagramTests */,
				9E78954F286A54C40071C7F9 /* InstagramUITests */,
				9E789528286A54C40071C7F9 /* Products */,
				114FF2DFFD8BA6E9C6DE8852 /* Pods */,
				7FC8A5F267A6B281831231C5 /* Frameworks */,
			);
			sourceTree = "<group>";
		};
		9E789528286A54C40071C7F9 /* Products */ = {
			isa = PBXGroup;
			children = (
				9E789527286A54C40071C7F9 /* Instagram.app */,
				9E789542286A54C40071C7F9 /* InstagramTests.xctest */,
				9E78954C286A54C40071C7F9 /* InstagramUITests.xctest */,
			);
			name = Products;
			sourceTree = "<group>";
		};
		9E789529286A54C40071C7F9 /* Instagram */ = {
			isa = PBXGroup;
			children = (
				9EF5EAF5286D0172008BA3CC /* Models */,
				9EF5EAEB286B7352008BA3CC /* View Controllers */,
				9E78952A286A54C40071C7F9 /* AppDelegate.h */,
				9E78952B286A54C40071C7F9 /* AppDelegate.m */,
				9E78952D286A54C40071C7F9 /* SceneDelegate.h */,
				9E78952E286A54C40071C7F9 /* SceneDelegate.m */,
				9E789533286A54C40071C7F9 /* Main.storyboard */,
				9E789536286A54C40071C7F9 /* Assets.xcassets */,
				9E789538286A54C40071C7F9 /* LaunchScreen.storyboard */,
				9E78953B286A54C40071C7F9 /* Info.plist */,
				9E78953C286A54C40071C7F9 /* main.m */,
			);
			path = Instagram;
			sourceTree = "<group>";
		};
		9E789545286A54C40071C7F9 /* InstagramTests */ = {
			isa = PBXGroup;
			children = (
				9E789546286A54C40071C7F9 /* InstagramTests.m */,
			);
			path = InstagramTests;
			sourceTree = "<group>";
		};
		9E78954F286A54C40071C7F9 /* InstagramUITests */ = {
			isa = PBXGroup;
			children = (
				9E789550286A54C40071C7F9 /* InstagramUITests.m */,
				9E789552286A54C40071C7F9 /* InstagramUITestsLaunchTests.m */,
			);
			path = InstagramUITests;
			sourceTree = "<group>";
		};
		9EF5EAEB286B7352008BA3CC /* View Controllers */ = {
			isa = PBXGroup;
			children = (
				9EF5EAE6286B71AB008BA3CC /* ComposeViewController.h */,
				9EF5EAE7286B71AB008BA3CC /* ComposeViewController.m */,
				9EF5EAE3286B711A008BA3CC /* HomeFeedViewController.h */,
				9EF5EAE4286B711A008BA3CC /* HomeFeedViewController.m */,
				9ED8E997286B68A300050DC0 /* LoginViewController.h */,
				9ED8E998286B68A300050DC0 /* LoginViewController.m */,
				9EF5EAFC286D48F2008BA3CC /* ProfileViewController.h */,
				9EF5EAFD286D48F2008BA3CC /* ProfileViewController.m */,
				9EF5EAFF286D4924008BA3CC /* DetailsViewController.h */,
				9EF5EB00286D4924008BA3CC /* DetailsViewController.m */,
			);
			path = "View Controllers";
			sourceTree = "<group>";
		};
		9EF5EAF5286D0172008BA3CC /* Models */ = {
			isa = PBXGroup;
			children = (
				9EF5EAEF286BC7CB008BA3CC /* Post.h */,
				9EF5EAF0286BC7CB008BA3CC /* Post.m */,
				9EF5EAF6286D13FA008BA3CC /* PostCell.h */,
				9EF5EAF7286D13FA008BA3CC /* PostCell.m */,
			);
			path = Models;
			sourceTree = "<group>";
		};
/* End PBXGroup section */

/* Begin PBXNativeTarget section */
		9E789526286A54C40071C7F9 /* Instagram */ = {
			isa = PBXNativeTarget;
			buildConfigurationList = 9E789556286A54C40071C7F9 /* Build configuration list for PBXNativeTarget "Instagram" */;
			buildPhases = (
				A7760D6F15CA86F973DAAE23 /* [CP] Check Pods Manifest.lock */,
				9E789523286A54C40071C7F9 /* Sources */,
				9E789524286A54C40071C7F9 /* Frameworks */,
				9E789525286A54C40071C7F9 /* Resources */,
				87F7384680AC339BDEC44C21 /* [CP] Embed Pods Frameworks */,
			);
			buildRules = (
			);
			dependencies = (
			);
			name = Instagram;
			productName = Instagram;
			productReference = 9E789527286A54C40071C7F9 /* Instagram.app */;
			productType = "com.apple.product-type.application";
		};
		9E789541286A54C40071C7F9 /* InstagramTests */ = {
			isa = PBXNativeTarget;
			buildConfigurationList = 9E789559286A54C40071C7F9 /* Build configuration list for PBXNativeTarget "InstagramTests" */;
			buildPhases = (
				3E5E33D2A3276B45C7F04632 /* [CP] Check Pods Manifest.lock */,
				9E78953E286A54C40071C7F9 /* Sources */,
				9E78953F286A54C40071C7F9 /* Frameworks */,
				9E789540286A54C40071C7F9 /* Resources */,
			);
			buildRules = (
			);
			dependencies = (
				9E789544286A54C40071C7F9 /* PBXTargetDependency */,
			);
			name = InstagramTests;
			productName = InstagramTests;
			productReference = 9E789542286A54C40071C7F9 /* InstagramTests.xctest */;
			productType = "com.apple.product-type.bundle.unit-test";
		};
		9E78954B286A54C40071C7F9 /* InstagramUITests */ = {
			isa = PBXNativeTarget;
			buildConfigurationList = 9E78955C286A54C40071C7F9 /* Build configuration list for PBXNativeTarget "InstagramUITests" */;
			buildPhases = (
				F2C61DCFDD145E95EF156E26 /* [CP] Check Pods Manifest.lock */,
				9E789548286A54C40071C7F9 /* Sources */,
				9E789549286A54C40071C7F9 /* Frameworks */,
				9E78954A286A54C40071C7F9 /* Resources */,
				759F9DCFA51F114CA75C9FC4 /* [CP] Embed Pods Frameworks */,
			);
			buildRules = (
			);
			dependencies = (
				9E78954E286A54C40071C7F9 /* PBXTargetDependency */,
			);
			name = InstagramUITests;
			productName = InstagramUITests;
			productReference = 9E78954C286A54C40071C7F9 /* InstagramUITests.xctest */;
			productType = "com.apple.product-type.bundle.ui-testing";
		};
/* End PBXNativeTarget section */

/* Begin PBXProject section */
		9E78951F286A54C40071C7F9 /* Project object */ = {
			isa = PBXProject;
			attributes = {
				BuildIndependentTargetsInParallel = 1;
				LastUpgradeCheck = 1340;
				TargetAttributes = {
					9E789526286A54C40071C7F9 = {
						CreatedOnToolsVersion = 13.4;
					};
					9E789541286A54C40071C7F9 = {
						CreatedOnToolsVersion = 13.4;
						TestTargetID = 9E789526286A54C40071C7F9;
					};
					9E78954B286A54C40071C7F9 = {
						CreatedOnToolsVersion = 13.4;
						TestTargetID = 9E789526286A54C40071C7F9;
					};
				};
			};
			buildConfigurationList = 9E789522286A54C40071C7F9 /* Build configuration list for PBXProject "Instagram" */;
			compatibilityVersion = "Xcode 13.0";
			developmentRegion = en;
			hasScannedForEncodings = 0;
			knownRegions = (
				en,
				Base,
			);
			mainGroup = 9E78951E286A54C40071C7F9;
			productRefGroup = 9E789528286A54C40071C7F9 /* Products */;
			projectDirPath = "";
			projectRoot = "";
			targets = (
				9E789526286A54C40071C7F9 /* Instagram */,
				9E789541286A54C40071C7F9 /* InstagramTests */,
				9E78954B286A54C40071C7F9 /* InstagramUITests */,
			);
		};
/* End PBXProject section */

/* Begin PBXResourcesBuildPhase section */
		9E789525286A54C40071C7F9 /* Resources */ = {
			isa = PBXResourcesBuildPhase;
			buildActionMask = 2147483647;
			files = (
				9E78953A286A54C40071C7F9 /* LaunchScreen.storyboard in Resources */,
				9E789537286A54C40071C7F9 /* Assets.xcassets in Resources */,
				9E789535286A54C40071C7F9 /* Main.storyboard in Resources */,
			);
			runOnlyForDeploymentPostprocessing = 0;
		};
		9E789540286A54C40071C7F9 /* Resources */ = {
			isa = PBXResourcesBuildPhase;
			buildActionMask = 2147483647;
			files = (
			);
			runOnlyForDeploymentPostprocessing = 0;
		};
		9E78954A286A54C40071C7F9 /* Resources */ = {
			isa = PBXResourcesBuildPhase;
			buildActionMask = 2147483647;
			files = (
			);
			runOnlyForDeploymentPostprocessing = 0;
		};
/* End PBXResourcesBuildPhase section */

/* Begin PBXShellScriptBuildPhase section */
		3E5E33D2A3276B45C7F04632 /* [CP] Check Pods Manifest.lock */ = {
			isa = PBXShellScriptBuildPhase;
			buildActionMask = 2147483647;
			files = (
			);
			inputFileListPaths = (
			);
			inputPaths = (
				"${PODS_PODFILE_DIR_PATH}/Podfile.lock",
				"${PODS_ROOT}/Manifest.lock",
			);
			name = "[CP] Check Pods Manifest.lock";
			outputFileListPaths = (
			);
			outputPaths = (
				"$(DERIVED_FILE_DIR)/Pods-InstagramTests-checkManifestLockResult.txt",
			);
			runOnlyForDeploymentPostprocessing = 0;
			shellPath = /bin/sh;
			shellScript = "diff \"${PODS_PODFILE_DIR_PATH}/Podfile.lock\" \"${PODS_ROOT}/Manifest.lock\" > /dev/null\nif [ $? != 0 ] ; then\n    # print error to STDERR\n    echo \"error: The sandbox is not in sync with the Podfile.lock. Run 'pod install' or update your CocoaPods installation.\" >&2\n    exit 1\nfi\n# This output is used by Xcode 'outputs' to avoid re-running this script phase.\necho \"SUCCESS\" > \"${SCRIPT_OUTPUT_FILE_0}\"\n";
			showEnvVarsInLog = 0;
		};
		759F9DCFA51F114CA75C9FC4 /* [CP] Embed Pods Frameworks */ = {
			isa = PBXShellScriptBuildPhase;
			buildActionMask = 2147483647;
			files = (
			);
			inputFileListPaths = (
				"${PODS_ROOT}/Target Support Files/Pods-Instagram-InstagramUITests/Pods-Instagram-InstagramUITests-frameworks-${CONFIGURATION}-input-files.xcfilelist",
			);
			name = "[CP] Embed Pods Frameworks";
			outputFileListPaths = (
				"${PODS_ROOT}/Target Support Files/Pods-Instagram-InstagramUITests/Pods-Instagram-InstagramUITests-frameworks-${CONFIGURATION}-output-files.xcfilelist",
			);
			runOnlyForDeploymentPostprocessing = 0;
			shellPath = /bin/sh;
			shellScript = "\"${PODS_ROOT}/Target Support Files/Pods-Instagram-InstagramUITests/Pods-Instagram-InstagramUITests-frameworks.sh\"\n";
			showEnvVarsInLog = 0;
		};
		87F7384680AC339BDEC44C21 /* [CP] Embed Pods Frameworks */ = {
			isa = PBXShellScriptBuildPhase;
			buildActionMask = 2147483647;
			files = (
			);
			inputFileListPaths = (
				"${PODS_ROOT}/Target Support Files/Pods-Instagram/Pods-Instagram-frameworks-${CONFIGURATION}-input-files.xcfilelist",
			);
			name = "[CP] Embed Pods Frameworks";
			outputFileListPaths = (
				"${PODS_ROOT}/Target Support Files/Pods-Instagram/Pods-Instagram-frameworks-${CONFIGURATION}-output-files.xcfilelist",
			);
			runOnlyForDeploymentPostprocessing = 0;
			shellPath = /bin/sh;
			shellScript = "\"${PODS_ROOT}/Target Support Files/Pods-Instagram/Pods-Instagram-frameworks.sh\"\n";
			showEnvVarsInLog = 0;
		};
		A7760D6F15CA86F973DAAE23 /* [CP] Check Pods Manifest.lock */ = {
			isa = PBXShellScriptBuildPhase;
			buildActionMask = 2147483647;
			files = (
			);
			inputFileListPaths = (
			);
			inputPaths = (
				"${PODS_PODFILE_DIR_PATH}/Podfile.lock",
				"${PODS_ROOT}/Manifest.lock",
			);
			name = "[CP] Check Pods Manifest.lock";
			outputFileListPaths = (
			);
			outputPaths = (
				"$(DERIVED_FILE_DIR)/Pods-Instagram-checkManifestLockResult.txt",
			);
			runOnlyForDeploymentPostprocessing = 0;
			shellPath = /bin/sh;
			shellScript = "diff \"${PODS_PODFILE_DIR_PATH}/Podfile.lock\" \"${PODS_ROOT}/Manifest.lock\" > /dev/null\nif [ $? != 0 ] ; then\n    # print error to STDERR\n    echo \"error: The sandbox is not in sync with the Podfile.lock. Run 'pod install' or update your CocoaPods installation.\" >&2\n    exit 1\nfi\n# This output is used by Xcode 'outputs' to avoid re-running this script phase.\necho \"SUCCESS\" > \"${SCRIPT_OUTPUT_FILE_0}\"\n";
			showEnvVarsInLog = 0;
		};
		F2C61DCFDD145E95EF156E26 /* [CP] Check Pods Manifest.lock */ = {
			isa = PBXShellScriptBuildPhase;
			buildActionMask = 2147483647;
			files = (
			);
			inputFileListPaths = (
			);
			inputPaths = (
				"${PODS_PODFILE_DIR_PATH}/Podfile.lock",
				"${PODS_ROOT}/Manifest.lock",
			);
			name = "[CP] Check Pods Manifest.lock";
			outputFileListPaths = (
			);
			outputPaths = (
				"$(DERIVED_FILE_DIR)/Pods-Instagram-InstagramUITests-checkManifestLockResult.txt",
			);
			runOnlyForDeploymentPostprocessing = 0;
			shellPath = /bin/sh;
			shellScript = "diff \"${PODS_PODFILE_DIR_PATH}/Podfile.lock\" \"${PODS_ROOT}/Manifest.lock\" > /dev/null\nif [ $? != 0 ] ; then\n    # print error to STDERR\n    echo \"error: The sandbox is not in sync with the Podfile.lock. Run 'pod install' or update your CocoaPods installation.\" >&2\n    exit 1\nfi\n# This output is used by Xcode 'outputs' to avoid re-running this script phase.\necho \"SUCCESS\" > \"${SCRIPT_OUTPUT_FILE_0}\"\n";
			showEnvVarsInLog = 0;
		};
/* End PBXShellScriptBuildPhase section */

/* Begin PBXSourcesBuildPhase section */
		9E789523286A54C40071C7F9 /* Sources */ = {
			isa = PBXSourcesBuildPhase;
			buildActionMask = 2147483647;
			files = (
				9EF5EAE5286B711A008BA3CC /* HomeFeedViewController.m in Sources */,
				9EF5EB01286D4924008BA3CC /* DetailsViewController.m in Sources */,
				9EF5EAFE286D48F2008BA3CC /* ProfileViewController.m in Sources */,
				9E78952C286A54C40071C7F9 /* AppDelegate.m in Sources */,
				9E78953D286A54C40071C7F9 /* main.m in Sources */,
				9EF5EAF8286D13FA008BA3CC /* PostCell.m in Sources */,
				9EF5EAE8286B71AB008BA3CC /* ComposeViewController.m in Sources */,
				9E78952F286A54C40071C7F9 /* SceneDelegate.m in Sources */,
				9ED8E999286B68A300050DC0 /* LoginViewController.m in Sources */,
				9EF5EAF1286BC7CB008BA3CC /* Post.m in Sources */,
			);
			runOnlyForDeploymentPostprocessing = 0;
		};
		9E78953E286A54C40071C7F9 /* Sources */ = {
			isa = PBXSourcesBuildPhase;
			buildActionMask = 2147483647;
			files = (
				9E789547286A54C40071C7F9 /* InstagramTests.m in Sources */,
			);
			runOnlyForDeploymentPostprocessing = 0;
		};
		9E789548286A54C40071C7F9 /* Sources */ = {
			isa = PBXSourcesBuildPhase;
			buildActionMask = 2147483647;
			files = (
				9E789551286A54C40071C7F9 /* InstagramUITests.m in Sources */,
				9E789553286A54C40071C7F9 /* InstagramUITestsLaunchTests.m in Sources */,
			);
			runOnlyForDeploymentPostprocessing = 0;
		};
/* End PBXSourcesBuildPhase section */

/* Begin PBXTargetDependency section */
		9E789544286A54C40071C7F9 /* PBXTargetDependency */ = {
			isa = PBXTargetDependency;
			target = 9E789526286A54C40071C7F9 /* Instagram */;
			targetProxy = 9E789543286A54C40071C7F9 /* PBXContainerItemProxy */;
		};
		9E78954E286A54C40071C7F9 /* PBXTargetDependency */ = {
			isa = PBXTargetDependency;
			target = 9E789526286A54C40071C7F9 /* Instagram */;
			targetProxy = 9E78954D286A54C40071C7F9 /* PBXContainerItemProxy */;
		};
/* End PBXTargetDependency section */

/* Begin PBXVariantGroup section */
		9E789533286A54C40071C7F9 /* Main.storyboard */ = {
			isa = PBXVariantGroup;
			children = (
				9E789534286A54C40071C7F9 /* Base */,
			);
			name = Main.storyboard;
			sourceTree = "<group>";
		};
		9E789538286A54C40071C7F9 /* LaunchScreen.storyboard */ = {
			isa = PBXVariantGroup;
			children = (
				9E789539286A54C40071C7F9 /* Base */,
			);
			name = LaunchScreen.storyboard;
			sourceTree = "<group>";
		};
/* End PBXVariantGroup section */

/* Begin XCBuildConfiguration section */
		9E789554286A54C40071C7F9 /* Debug */ = {
			isa = XCBuildConfiguration;
			buildSettings = {
				ALWAYS_SEARCH_USER_PATHS = NO;
				CLANG_ANALYZER_NONNULL = YES;
				CLANG_ANALYZER_NUMBER_OBJECT_CONVERSION = YES_AGGRESSIVE;
				CLANG_CXX_LANGUAGE_STANDARD = "gnu++17";
				CLANG_ENABLE_MODULES = YES;
				CLANG_ENABLE_OBJC_ARC = YES;
				CLANG_ENABLE_OBJC_WEAK = YES;
				CLANG_WARN_BLOCK_CAPTURE_AUTORELEASING = YES;
				CLANG_WARN_BOOL_CONVERSION = YES;
				CLANG_WARN_COMMA = YES;
				CLANG_WARN_CONSTANT_CONVERSION = YES;
				CLANG_WARN_DEPRECATED_OBJC_IMPLEMENTATIONS = YES;
				CLANG_WARN_DIRECT_OBJC_ISA_USAGE = YES_ERROR;
				CLANG_WARN_DOCUMENTATION_COMMENTS = YES;
				CLANG_WARN_EMPTY_BODY = YES;
				CLANG_WARN_ENUM_CONVERSION = YES;
				CLANG_WARN_INFINITE_RECURSION = YES;
				CLANG_WARN_INT_CONVERSION = YES;
				CLANG_WARN_NON_LITERAL_NULL_CONVERSION = YES;
				CLANG_WARN_OBJC_IMPLICIT_RETAIN_SELF = YES;
				CLANG_WARN_OBJC_LITERAL_CONVERSION = YES;
				CLANG_WARN_OBJC_ROOT_CLASS = YES_ERROR;
				CLANG_WARN_QUOTED_INCLUDE_IN_FRAMEWORK_HEADER = YES;
				CLANG_WARN_RANGE_LOOP_ANALYSIS = YES;
				CLANG_WARN_STRICT_PROTOTYPES = YES;
				CLANG_WARN_SUSPICIOUS_MOVE = YES;
				CLANG_WARN_UNGUARDED_AVAILABILITY = YES_AGGRESSIVE;
				CLANG_WARN_UNREACHABLE_CODE = YES;
				CLANG_WARN__DUPLICATE_METHOD_MATCH = YES;
				COPY_PHASE_STRIP = NO;
				DEBUG_INFORMATION_FORMAT = dwarf;
				ENABLE_STRICT_OBJC_MSGSEND = YES;
				ENABLE_TESTABILITY = YES;
				GCC_C_LANGUAGE_STANDARD = gnu11;
				GCC_DYNAMIC_NO_PIC = NO;
				GCC_NO_COMMON_BLOCKS = YES;
				GCC_OPTIMIZATION_LEVEL = 0;
				GCC_PREPROCESSOR_DEFINITIONS = (
					"DEBUG=1",
					"$(inherited)",
				);
				GCC_WARN_64_TO_32_BIT_CONVERSION = YES;
				GCC_WARN_ABOUT_RETURN_TYPE = YES_ERROR;
				GCC_WARN_UNDECLARED_SELECTOR = YES;
				GCC_WARN_UNINITIALIZED_AUTOS = YES_AGGRESSIVE;
				GCC_WARN_UNUSED_FUNCTION = YES;
				GCC_WARN_UNUSED_VARIABLE = YES;
				IPHONEOS_DEPLOYMENT_TARGET = 15.5;
				MTL_ENABLE_DEBUG_INFO = INCLUDE_SOURCE;
				MTL_FAST_MATH = YES;
				ONLY_ACTIVE_ARCH = YES;
				SDKROOT = iphoneos;
			};
			name = Debug;
		};
		9E789555286A54C40071C7F9 /* Release */ = {
			isa = XCBuildConfiguration;
			buildSettings = {
				ALWAYS_SEARCH_USER_PATHS = NO;
				CLANG_ANALYZER_NONNULL = YES;
				CLANG_ANALYZER_NUMBER_OBJECT_CONVERSION = YES_AGGRESSIVE;
				CLANG_CXX_LANGUAGE_STANDARD = "gnu++17";
				CLANG_ENABLE_MODULES = YES;
				CLANG_ENABLE_OBJC_ARC = YES;
				CLANG_ENABLE_OBJC_WEAK = YES;
				CLANG_WARN_BLOCK_CAPTURE_AUTORELEASING = YES;
				CLANG_WARN_BOOL_CONVERSION = YES;
				CLANG_WARN_COMMA = YES;
				CLANG_WARN_CONSTANT_CONVERSION = YES;
				CLANG_WARN_DEPRECATED_OBJC_IMPLEMENTATIONS = YES;
				CLANG_WARN_DIRECT_OBJC_ISA_USAGE = YES_ERROR;
				CLANG_WARN_DOCUMENTATION_COMMENTS = YES;
				CLANG_WARN_EMPTY_BODY = YES;
				CLANG_WARN_ENUM_CONVERSION = YES;
				CLANG_WARN_INFINITE_RECURSION = YES;
				CLANG_WARN_INT_CONVERSION = YES;
				CLANG_WARN_NON_LITERAL_NULL_CONVERSION = YES;
				CLANG_WARN_OBJC_IMPLICIT_RETAIN_SELF = YES;
				CLANG_WARN_OBJC_LITERAL_CONVERSION = YES;
				CLANG_WARN_OBJC_ROOT_CLASS = YES_ERROR;
				CLANG_WARN_QUOTED_INCLUDE_IN_FRAMEWORK_HEADER = YES;
				CLANG_WARN_RANGE_LOOP_ANALYSIS = YES;
				CLANG_WARN_STRICT_PROTOTYPES = YES;
				CLANG_WARN_SUSPICIOUS_MOVE = YES;
				CLANG_WARN_UNGUARDED_AVAILABILITY = YES_AGGRESSIVE;
				CLANG_WARN_UNREACHABLE_CODE = YES;
				CLANG_WARN__DUPLICATE_METHOD_MATCH = YES;
				COPY_PHASE_STRIP = NO;
				DEBUG_INFORMATION_FORMAT = "dwarf-with-dsym";
				ENABLE_NS_ASSERTIONS = NO;
				ENABLE_STRICT_OBJC_MSGSEND = YES;
				GCC_C_LANGUAGE_STANDARD = gnu11;
				GCC_NO_COMMON_BLOCKS = YES;
				GCC_WARN_64_TO_32_BIT_CONVERSION = YES;
				GCC_WARN_ABOUT_RETURN_TYPE = YES_ERROR;
				GCC_WARN_UNDECLARED_SELECTOR = YES;
				GCC_WARN_UNINITIALIZED_AUTOS = YES_AGGRESSIVE;
				GCC_WARN_UNUSED_FUNCTION = YES;
				GCC_WARN_UNUSED_VARIABLE = YES;
				IPHONEOS_DEPLOYMENT_TARGET = 15.5;
				MTL_ENABLE_DEBUG_INFO = NO;
				MTL_FAST_MATH = YES;
				SDKROOT = iphoneos;
				VALIDATE_PRODUCT = YES;
			};
			name = Release;
		};
		9E789557286A54C40071C7F9 /* Debug */ = {
			isa = XCBuildConfiguration;
			baseConfigurationReference = 56AB3E512CB3173C17200486 /* Pods-Instagram.debug.xcconfig */;
			buildSettings = {
				ASSETCATALOG_COMPILER_APPICON_NAME = AppIcon;
				ASSETCATALOG_COMPILER_GLOBAL_ACCENT_COLOR_NAME = AccentColor;
				CODE_SIGN_STYLE = Automatic;
				CURRENT_PROJECT_VERSION = 1;
				DEVELOPMENT_TEAM = 2XR28BCB53;
				GENERATE_INFOPLIST_FILE = YES;
				INFOPLIST_FILE = Instagram/Info.plist;
				INFOPLIST_KEY_UIApplicationSupportsIndirectInputEvents = YES;
				INFOPLIST_KEY_UILaunchStoryboardName = LaunchScreen;
				INFOPLIST_KEY_UIMainStoryboardFile = Main;
				INFOPLIST_KEY_UISupportedInterfaceOrientations_iPad = "UIInterfaceOrientationPortrait UIInterfaceOrientationPortraitUpsideDown UIInterfaceOrientationLandscapeLeft UIInterfaceOrientationLandscapeRight";
				INFOPLIST_KEY_UISupportedInterfaceOrientations_iPhone = "UIInterfaceOrientationPortrait UIInterfaceOrientationLandscapeLeft UIInterfaceOrientationLandscapeRight";
				LD_RUNPATH_SEARCH_PATHS = (
					"$(inherited)",
					"@executable_path/Frameworks",
				);
				MARKETING_VERSION = 1.0;
				PRODUCT_BUNDLE_IDENTIFIER = com.zeke.Instagram;
				PRODUCT_NAME = "$(TARGET_NAME)";
				SWIFT_EMIT_LOC_STRINGS = YES;
				TARGETED_DEVICE_FAMILY = "1,2";
			};
			name = Debug;
		};
		9E789558286A54C40071C7F9 /* Release */ = {
			isa = XCBuildConfiguration;
			baseConfigurationReference = 742857C235262128C9DB9986 /* Pods-Instagram.release.xcconfig */;
			buildSettings = {
				ASSETCATALOG_COMPILER_APPICON_NAME = AppIcon;
				ASSETCATALOG_COMPILER_GLOBAL_ACCENT_COLOR_NAME = AccentColor;
				CODE_SIGN_STYLE = Automatic;
				CURRENT_PROJECT_VERSION = 1;
				DEVELOPMENT_TEAM = 2XR28BCB53;
				GENERATE_INFOPLIST_FILE = YES;
				INFOPLIST_FILE = Instagram/Info.plist;
				INFOPLIST_KEY_UIApplicationSupportsIndirectInputEvents = YES;
				INFOPLIST_KEY_UILaunchStoryboardName = LaunchScreen;
				INFOPLIST_KEY_UIMainStoryboardFile = Main;
				INFOPLIST_KEY_UISupportedInterfaceOrientations_iPad = "UIInterfaceOrientationPortrait UIInterfaceOrientationPortraitUpsideDown UIInterfaceOrientationLandscapeLeft UIInterfaceOrientationLandscapeRight";
				INFOPLIST_KEY_UISupportedInterfaceOrientations_iPhone = "UIInterfaceOrientationPortrait UIInterfaceOrientationLandscapeLeft UIInterfaceOrientationLandscapeRight";
				LD_RUNPATH_SEARCH_PATHS = (
					"$(inherited)",
					"@executable_path/Frameworks",
				);
				MARKETING_VERSION = 1.0;
				PRODUCT_BUNDLE_IDENTIFIER = com.zeke.Instagram;
				PRODUCT_NAME = "$(TARGET_NAME)";
				SWIFT_EMIT_LOC_STRINGS = YES;
				TARGETED_DEVICE_FAMILY = "1,2";
			};
			name = Release;
		};
		9E78955A286A54C40071C7F9 /* Debug */ = {
			isa = XCBuildConfiguration;
			baseConfigurationReference = B3522CC63945E9A12712A727 /* Pods-InstagramTests.debug.xcconfig */;
			buildSettings = {
				BUNDLE_LOADER = "$(TEST_HOST)";
				CODE_SIGN_STYLE = Automatic;
				CURRENT_PROJECT_VERSION = 1;
				DEVELOPMENT_TEAM = 2XR28BCB53;
				GENERATE_INFOPLIST_FILE = YES;
				IPHONEOS_DEPLOYMENT_TARGET = 15.5;
				MARKETING_VERSION = 1.0;
				PRODUCT_BUNDLE_IDENTIFIER = com.zeke.InstagramTests;
				PRODUCT_NAME = "$(TARGET_NAME)";
				SWIFT_EMIT_LOC_STRINGS = NO;
				TARGETED_DEVICE_FAMILY = "1,2";
				TEST_HOST = "$(BUILT_PRODUCTS_DIR)/Instagram.app/Instagram";
			};
			name = Debug;
		};
		9E78955B286A54C40071C7F9 /* Release */ = {
			isa = XCBuildConfiguration;
			baseConfigurationReference = A46E95A3D55AA8A97EB3F6D0 /* Pods-InstagramTests.release.xcconfig */;
			buildSettings = {
				BUNDLE_LOADER = "$(TEST_HOST)";
				CODE_SIGN_STYLE = Automatic;
				CURRENT_PROJECT_VERSION = 1;
				DEVELOPMENT_TEAM = 2XR28BCB53;
				GENERATE_INFOPLIST_FILE = YES;
				IPHONEOS_DEPLOYMENT_TARGET = 15.5;
				MARKETING_VERSION = 1.0;
				PRODUCT_BUNDLE_IDENTIFIER = com.zeke.InstagramTests;
				PRODUCT_NAME = "$(TARGET_NAME)";
				SWIFT_EMIT_LOC_STRINGS = NO;
				TARGETED_DEVICE_FAMILY = "1,2";
				TEST_HOST = "$(BUILT_PRODUCTS_DIR)/Instagram.app/Instagram";
			};
			name = Release;
		};
		9E78955D286A54C40071C7F9 /* Debug */ = {
			isa = XCBuildConfiguration;
			baseConfigurationReference = 9D8B9222B6C3A0EE268295F9 /* Pods-Instagram-InstagramUITests.debug.xcconfig */;
			buildSettings = {
				CODE_SIGN_STYLE = Automatic;
				CURRENT_PROJECT_VERSION = 1;
				DEVELOPMENT_TEAM = 2XR28BCB53;
				GENERATE_INFOPLIST_FILE = YES;
				MARKETING_VERSION = 1.0;
				PRODUCT_BUNDLE_IDENTIFIER = com.zeke.InstagramUITests;
				PRODUCT_NAME = "$(TARGET_NAME)";
				SWIFT_EMIT_LOC_STRINGS = NO;
				TARGETED_DEVICE_FAMILY = "1,2";
				TEST_TARGET_NAME = Instagram;
			};
			name = Debug;
		};
		9E78955E286A54C40071C7F9 /* Release */ = {
			isa = XCBuildConfiguration;
			baseConfigurationReference = 3B593F78B4EBCD2A30950FE9 /* Pods-Instagram-InstagramUITests.release.xcconfig */;
			buildSettings = {
				CODE_SIGN_STYLE = Automatic;
				CURRENT_PROJECT_VERSION = 1;
				DEVELOPMENT_TEAM = 2XR28BCB53;
				GENERATE_INFOPLIST_FILE = YES;
				MARKETING_VERSION = 1.0;
				PRODUCT_BUNDLE_IDENTIFIER = com.zeke.InstagramUITests;
				PRODUCT_NAME = "$(TARGET_NAME)";
				SWIFT_EMIT_LOC_STRINGS = NO;
				TARGETED_DEVICE_FAMILY = "1,2";
				TEST_TARGET_NAME = Instagram;
			};
			name = Release;
		};
/* End XCBuildConfiguration section */

/* Begin XCConfigurationList section */
		9E789522286A54C40071C7F9 /* Build configuration list for PBXProject "Instagram" */ = {
			isa = XCConfigurationList;
			buildConfigurations = (
				9E789554286A54C40071C7F9 /* Debug */,
				9E789555286A54C40071C7F9 /* Release */,
			);
			defaultConfigurationIsVisible = 0;
			defaultConfigurationName = Release;
		};
		9E789556286A54C40071C7F9 /* Build configuration list for PBXNativeTarget "Instagram" */ = {
			isa = XCConfigurationList;
			buildConfigurations = (
				9E789557286A54C40071C7F9 /* Debug */,
				9E789558286A54C40071C7F9 /* Release */,
			);
			defaultConfigurationIsVisible = 0;
			defaultConfigurationName = Release;
		};
		9E789559286A54C40071C7F9 /* Build configuration list for PBXNativeTarget "InstagramTests" */ = {
			isa = XCConfigurationList;
			buildConfigurations = (
				9E78955A286A54C40071C7F9 /* Debug */,
				9E78955B286A54C40071C7F9 /* Release */,
			);
			defaultConfigurationIsVisible = 0;
			defaultConfigurationName = Release;
		};
		9E78955C286A54C40071C7F9 /* Build configuration list for PBXNativeTarget "InstagramUITests" */ = {
			isa = XCConfigurationList;
			buildConfigurations = (
				9E78955D286A54C40071C7F9 /* Debug */,
				9E78955E286A54C40071C7F9 /* Release */,
			);
			defaultConfigurationIsVisible = 0;
			defaultConfigurationName = Release;
		};
/* End XCConfigurationList section */
	};
	rootObject = 9E78951F286A54C40071C7F9 /* Project object */;
}
